<?xml version="1.0" encoding="utf-8"?>
<Project ToolsVersion="4.0" xmlns="http://schemas.microsoft.com/developer/msbuild/2003">
  <ItemGroup>
    <Filter Include="Source Files">
      <UniqueIdentifier>{4FC737F1-C7A5-4376-A066-2A32D752A2FF}</UniqueIdentifier>
      <Extensions>cpp;c;cc;cxx;c++;def;odl;idl;hpj;bat;asm;asmx</Extensions>
    </Filter>
    <Filter Include="Header Files">
      <UniqueIdentifier>{93995380-89BD-4b04-88EB-625FBE52EBFB}</UniqueIdentifier>
      <Extensions>h;hh;hpp;hxx;h++;hm;inl;inc;ipp;xsd</Extensions>
    </Filter>
    <Filter Include="Resource Files">
      <UniqueIdentifier>{67DA6AB6-F800-4c08-8B7A-83BB121AAD01}</UniqueIdentifier>
      <Extensions>rc;ico;cur;bmp;dlg;rc2;rct;bin;rgs;gif;jpg;jpeg;jpe;resx;tiff;tif;png;wav;mfcribbon-ms</Extensions>
    </Filter>
    <Filter Include="Source Files\territorios">
      <UniqueIdentifier>{ac75d8f6-7982-44c2-ae44-1fe9eb85e556}</UniqueIdentifier>
    </Filter>
    <Filter Include="Header Files\territorios">
      <UniqueIdentifier>{d8fa28c7-a4f8-46dc-b059-edf948fac1a2}</UniqueIdentifier>
    </Filter>
  </ItemGroup>
  <ItemGroup>
    <ClCompile Include="main.cpp">
      <Filter>Source Files</Filter>
    </ClCompile>
    <ClCompile Include="configure.cpp">
      <Filter>Source Files</Filter>
    </ClCompile>
    <ClCompile Include="territorio.cpp">
      <Filter>Source Files</Filter>
    </ClCompile>
    <ClCompile Include="game.cpp">
      <Filter>Source Files</Filter>
    </ClCompile>
    <ClCompile Include="imperio.cpp">
      <Filter>Source Files</Filter>
    </ClCompile>
    <ClCompile Include="tecnologias.cpp">
      <Filter>Source Files</Filter>
    </ClCompile>
    <ClCompile Include="territorioInicial.cpp">
      <Filter>Source Files\territorios</Filter>
    </ClCompile>
    <ClCompile Include="planicie.cpp">
      <Filter>Source Files\territorios</Filter>
    </ClCompile>
    <ClCompile Include="mina.cpp">
      <Filter>Source Files\territorios</Filter>
    </ClCompile>
    <ClCompile Include="duna.cpp">
      <Filter>Source Files\territorios</Filter>
    </ClCompile>
    <ClCompile Include="fortaleza.cpp">
      <Filter>Source Files\territorios</Filter>
    </ClCompile>
    <ClCompile Include="castelo.cpp">
      <Filter>Source Files\territorios</Filter>
    </ClCompile>
    <ClCompile Include="montanha.cpp">
      <Filter>Source Files\territorios</Filter>
    </ClCompile>
    <ClCompile Include="pescaria.cpp">
      <Filter>Source Files\territorios</Filter>
    </ClCompile>
    <ClCompile Include="refugioPiratas.cpp">
      <Filter>Source Files\territorios</Filter>
    </ClCompile>
  </ItemGroup>
  <ItemGroup>
    <ClInclude Include="configure.h">
      <Filter>Header Files</Filter>
    </ClInclude>
    <ClInclude Include="territorio.h">
      <Filter>Header Files</Filter>
    </ClInclude>
    <ClInclude Include="game.h">
      <Filter>Header Files</Filter>
    </ClInclude>
    <ClInclude Include="imperio.h">
      <Filter>Header Files</Filter>
    </ClInclude>
    <ClInclude Include="tecnologias.h">
      <Filter>Header Files</Filter>
    </ClInclude>
    <ClInclude Include="territorioInicial.h">
      <Filter>Header Files\territorios</Filter>
    </ClInclude>
    <ClInclude Include="planicie.h">
      <Filter>Header Files\territorios</Filter>
    </ClInclude>
    <ClInclude Include="duna.h">
      <Filter>Header Files\territorios</Filter>
    </ClInclude>
    <ClInclude Include="castelo.h">
      <Filter>Header Files\territorios</Filter>
    </ClInclude>
    <ClInclude Include="fortaleza.h">
      <Filter>Header Files\territorios</Filter>
    </ClInclude>
    <ClInclude Include="mina.h">
      <Filter>Header Files\territorios</Filter>
    </ClInclude>
    <ClInclude Include="montanha.h">
      <Filter>Header Files\territorios</Filter>
    </ClInclude>
    <ClInclude Include="refugioPiratas.h">
      <Filter>Header Files\territorios</Filter>
    </ClInclude>
    <ClInclude Include="pescaria.h">
      <Filter>Header Files\territorios</Filter>
    </ClInclude>
  </ItemGroup>
  <ItemGroup>
    <Text Include="menu.txt">
      <Filter>Resource Files</Filter>
    </Text>
    <Text Include="help.txt">
      <Filter>Resource Files</Filter>
    </Text>
    <Text Include="comandos1.txt">
      <Filter>Resource Files</Filter>
    </Text>
    <Text Include="helpconfig.txt">
      <Filter>Resource Files</Filter>
    </Text>
    <Text Include="helpfase1.txt">
      <Filter>Resource Files</Filter>
    </Text>
    <Text Include="helpfase3.txt">
      <Filter>Resource Files</Filter>
    </Text>
  </ItemGroup>
</Project>